
Microsoft Visual Studio Solution File, Format Version 12.00
# Visual Studio Version 17
VisualStudioVersion = 17.12.35527.113
MinimumVisualStudioVersion = 10.0.40219.1
Project("{2150E333-8FDC-42A3-9474-1A3956D46DE8}") = "Blazor", "Blazor", "{02EA681E-C7D8-13C7-8484-4AC65E1B71E8}"
EndProject
Project("{2150E333-8FDC-42A3-9474-1A3956D46DE8}") = "Core", "Core", "{0F28D14C-0FA6-4993-A801-EED5969448C0}"
EndProject
Project("{2150E333-8FDC-42A3-9474-1A3956D46DE8}") = "App", "App", "{44033AA9-414A-43F4-88AD-E4729CE7C06F}"
EndProject
Project("{FAE04EC0-301F-11D3-BF4B-00C04F79EFBC}") = "BlazorWebView.WinUI", "Blazor\Blazor.App\BlazorWebView.WinUI\BlazorWebView.WinUI.csproj", "{19102912-160D-7028-626E-71389F3676C6}"
EndProject
Project("{FAE04EC0-301F-11D3-BF4B-00C04F79EFBC}") = "Crolow.App.WinUI", "Blazor\Blazor.App\Crolow.App.WinUI\Crolow.App.WinUI.csproj", "{E921F4DF-F8AE-5E23-2D7A-F74DE31DA869}"
EndProject
Project("{FAE04EC0-301F-11D3-BF4B-00C04F79EFBC}") = "Crolow.Apps.Common", "Common\Crolow.Common\Crolow.Apps.Common.csproj", "{7241779C-F9F8-E814-ED2D-1455F468CC41}"
EndProject
Project("{2150E333-8FDC-42A3-9474-1A3956D46DE8}") = "Server", "Server", "{4B6C8C36-EAB4-4B8C-8733-833B55D6CBD4}"
EndProject
Project("{FAE04EC0-301F-11D3-BF4B-00C04F79EFBC}") = "Crolow.Cms.Server.Core", "Server\Core\Crolow.Cms.Server.Core.csproj", "{803BE87B-FE77-7886-4A83-4F92F64A2525}"
EndProject
Project("{FAE04EC0-301F-11D3-BF4B-00C04F79EFBC}") = "Crolow.Cms.Server.Managers", "Server\Managers\Crolow.Cms.Server.Managers.csproj", "{D70F409C-A7A0-3549-C607-A3920F1ECBB9}"
EndProject
Project("{FAE04EC0-301F-11D3-BF4B-00C04F79EFBC}") = "Crolow.Cms.Server.Upgrades", "Server\Upgrades\Crolow.Cms.Server.Upgrades.csproj", "{F6C735BE-D296-924C-A35D-8EC31047B05A}"
EndProject
Project("{2150E333-8FDC-42A3-9474-1A3956D46DE8}") = "Mongo", "Mongo", "{9FC499B7-54CF-4639-B8FF-8DBE5F1AC4D5}"
EndProject
Project("{FAE04EC0-301F-11D3-BF4B-00C04F79EFBC}") = "Crolow.Cms.DataLayer.Mongo", "Server\mongo\Crolow.Cms..DataLayer.Mongo\Crolow.Cms.DataLayer.Mongo.csproj", "{E10EB1D8-4ECF-B84F-F9ED-EC9348C3E72E}"
EndProject
Project("{FAE04EC0-301F-11D3-BF4B-00C04F79EFBC}") = "Crolow.Cms.Managers.Mongo", "Server\mongo\Crolow.Cms.Managers.Mongo\Crolow.Cms.Managers.Mongo.csproj", "{D999DBA9-5AB7-A092-1A85-5508E96AF8BF}"
EndProject
Project("{FAE04EC0-301F-11D3-BF4B-00C04F79EFBC}") = "Crolow.Cms.Server.Common", "Server\Common\Crolow.Cms.Server.Common.csproj", "{930411F2-E75B-39C7-8CA6-80AC76B60F3C}"
EndProject
Project("{2150E333-8FDC-42A3-9474-1A3956D46DE8}") = "Api", "Api", "{AC8E931E-ED16-4D2B-8F6B-27819A7FFFCE}"
EndProject
Project("{2150E333-8FDC-42A3-9474-1A3956D46DE8}") = "Services", "Services", "{87896570-AEB1-4C4E-8EC8-BF775800E37A}"
EndProject
Project("{FAE04EC0-301F-11D3-BF4B-00C04F79EFBC}") = "Crolow.Cms.Server.Actions", "Server\Services\Crolow.Cms.Server.Actions\Crolow.Cms.Server.Actions.csproj", "{90A6B8BC-A483-88DC-6A56-42032B09F126}"
EndProject
Project("{FAE04EC0-301F-11D3-BF4B-00C04F79EFBC}") = "Crolow.Cms.Server.Api", "Server\Api\Crolow.Cms.Server.Api\Crolow.Cms.Server.Api.csproj", "{2D100B64-0F2D-C8B1-7792-DD9D69BE5BC7}"
EndProject
Project("{FAE04EC0-301F-11D3-BF4B-00C04F79EFBC}") = "Crolow.Cms.Server.Api.EndPoint", "Server\Api\Crolow.Cms.Server.Api.EndPoint\Crolow.Cms.Server.Api.EndPoint.csproj", "{0F5B26E7-B4BA-DA7C-5217-6CA53467A7FA}"
EndProject
Global
	GlobalSection(SolutionConfigurationPlatforms) = preSolution
		Debug|Any CPU = Debug|Any CPU
		Release|Any CPU = Release|Any CPU
	EndGlobalSection
	GlobalSection(ProjectConfigurationPlatforms) = postSolution
		{19102912-160D-7028-626E-71389F3676C6}.Debug|Any CPU.ActiveCfg = Debug|Any CPU
		{19102912-160D-7028-626E-71389F3676C6}.Debug|Any CPU.Build.0 = Debug|Any CPU
		{19102912-160D-7028-626E-71389F3676C6}.Release|Any CPU.ActiveCfg = Release|Any CPU
		{19102912-160D-7028-626E-71389F3676C6}.Release|Any CPU.Build.0 = Release|Any CPU
		{E921F4DF-F8AE-5E23-2D7A-F74DE31DA869}.Debug|Any CPU.ActiveCfg = Debug|x64
		{E921F4DF-F8AE-5E23-2D7A-F74DE31DA869}.Debug|Any CPU.Build.0 = Debug|x64
		{E921F4DF-F8AE-5E23-2D7A-F74DE31DA869}.Release|Any CPU.ActiveCfg = Release|x64
		{E921F4DF-F8AE-5E23-2D7A-F74DE31DA869}.Release|Any CPU.Build.0 = Release|x64
		{7241779C-F9F8-E814-ED2D-1455F468CC41}.Debug|Any CPU.ActiveCfg = Debug|Any CPU
		{7241779C-F9F8-E814-ED2D-1455F468CC41}.Debug|Any CPU.Build.0 = Debug|Any CPU
		{7241779C-F9F8-E814-ED2D-1455F468CC41}.Release|Any CPU.ActiveCfg = Release|Any CPU
		{7241779C-F9F8-E814-ED2D-1455F468CC41}.Release|Any CPU.Build.0 = Release|Any CPU
		{803BE87B-FE77-7886-4A83-4F92F64A2525}.Debug|Any CPU.ActiveCfg = Debug|Any CPU
		{803BE87B-FE77-7886-4A83-4F92F64A2525}.Debug|Any CPU.Build.0 = Debug|Any CPU
		{803BE87B-FE77-7886-4A83-4F92F64A2525}.Release|Any CPU.ActiveCfg = Release|Any CPU
		{803BE87B-FE77-7886-4A83-4F92F64A2525}.Release|Any CPU.Build.0 = Release|Any CPU
		{D70F409C-A7A0-3549-C607-A3920F1ECBB9}.Debug|Any CPU.ActiveCfg = Debug|Any CPU
		{D70F409C-A7A0-3549-C607-A3920F1ECBB9}.Debug|Any CPU.Build.0 = Debug|Any CPU
		{D70F409C-A7A0-3549-C607-A3920F1ECBB9}.Release|Any CPU.ActiveCfg = Release|Any CPU
		{D70F409C-A7A0-3549-C607-A3920F1ECBB9}.Release|Any CPU.Build.0 = Release|Any CPU
		{F6C735BE-D296-924C-A35D-8EC31047B05A}.Debug|Any CPU.ActiveCfg = Debug|Any CPU
		{F6C735BE-D296-924C-A35D-8EC31047B05A}.Debug|Any CPU.Build.0 = Debug|Any CPU
		{F6C735BE-D296-924C-A35D-8EC31047B05A}.Release|Any CPU.ActiveCfg = Release|Any CPU
		{F6C735BE-D296-924C-A35D-8EC31047B05A}.Release|Any CPU.Build.0 = Release|Any CPU
		{E10EB1D8-4ECF-B84F-F9ED-EC9348C3E72E}.Debug|Any CPU.ActiveCfg = Debug|Any CPU
		{E10EB1D8-4ECF-B84F-F9ED-EC9348C3E72E}.Debug|Any CPU.Build.0 = Debug|Any CPU
		{E10EB1D8-4ECF-B84F-F9ED-EC9348C3E72E}.Release|Any CPU.ActiveCfg = Release|Any CPU
		{E10EB1D8-4ECF-B84F-F9ED-EC9348C3E72E}.Release|Any CPU.Build.0 = Release|Any CPU
		{D999DBA9-5AB7-A092-1A85-5508E96AF8BF}.Debug|Any CPU.ActiveCfg = Debug|Any CPU
		{D999DBA9-5AB7-A092-1A85-5508E96AF8BF}.Debug|Any CPU.Build.0 = Debug|Any CPU
		{D999DBA9-5AB7-A092-1A85-5508E96AF8BF}.Release|Any CPU.ActiveCfg = Release|Any CPU
		{D999DBA9-5AB7-A092-1A85-5508E96AF8BF}.Release|Any CPU.Build.0 = Release|Any CPU
		{930411F2-E75B-39C7-8CA6-80AC76B60F3C}.Debug|Any CPU.ActiveCfg = Debug|Any CPU
		{930411F2-E75B-39C7-8CA6-80AC76B60F3C}.Debug|Any CPU.Build.0 = Debug|Any CPU
		{930411F2-E75B-39C7-8CA6-80AC76B60F3C}.Release|Any CPU.ActiveCfg = Release|Any CPU
		{930411F2-E75B-39C7-8CA6-80AC76B60F3C}.Release|Any CPU.Build.0 = Release|Any CPU
		{90A6B8BC-A483-88DC-6A56-42032B09F126}.Debug|Any CPU.ActiveCfg = Debug|Any CPU
		{90A6B8BC-A483-88DC-6A56-42032B09F126}.Debug|Any CPU.Build.0 = Debug|Any CPU
		{90A6B8BC-A483-88DC-6A56-42032B09F126}.Release|Any CPU.ActiveCfg = Release|Any CPU
		{90A6B8BC-A483-88DC-6A56-42032B09F126}.Release|Any CPU.Build.0 = Release|Any CPU
		{2D100B64-0F2D-C8B1-7792-DD9D69BE5BC7}.Debug|Any CPU.ActiveCfg = Debug|Any CPU
		{2D100B64-0F2D-C8B1-7792-DD9D69BE5BC7}.Debug|Any CPU.Build.0 = Debug|Any CPU
		{2D100B64-0F2D-C8B1-7792-DD9D69BE5BC7}.Release|Any CPU.ActiveCfg = Release|Any CPU
		{2D100B64-0F2D-C8B1-7792-DD9D69BE5BC7}.Release|Any CPU.Build.0 = Release|Any CPU
		{0F5B26E7-B4BA-DA7C-5217-6CA53467A7FA}.Debug|Any CPU.ActiveCfg = Debug|Any CPU
		{0F5B26E7-B4BA-DA7C-5217-6CA53467A7FA}.Debug|Any CPU.Build.0 = Debug|Any CPU
		{0F5B26E7-B4BA-DA7C-5217-6CA53467A7FA}.Release|Any CPU.ActiveCfg = Release|Any CPU
		{0F5B26E7-B4BA-DA7C-5217-6CA53467A7FA}.Release|Any CPU.Build.0 = Release|Any CPU
	EndGlobalSection
	GlobalSection(SolutionProperties) = preSolution
		HideSolutionNode = FALSE
	EndGlobalSection
	GlobalSection(NestedProjects) = preSolution
		{44033AA9-414A-43F4-88AD-E4729CE7C06F} = {02EA681E-C7D8-13C7-8484-4AC65E1B71E8}
		{19102912-160D-7028-626E-71389F3676C6} = {44033AA9-414A-43F4-88AD-E4729CE7C06F}
		{E921F4DF-F8AE-5E23-2D7A-F74DE31DA869} = {44033AA9-414A-43F4-88AD-E4729CE7C06F}
		{7241779C-F9F8-E814-ED2D-1455F468CC41} = {0F28D14C-0FA6-4993-A801-EED5969448C0}
		{803BE87B-FE77-7886-4A83-4F92F64A2525} = {4B6C8C36-EAB4-4B8C-8733-833B55D6CBD4}
		{D70F409C-A7A0-3549-C607-A3920F1ECBB9} = {4B6C8C36-EAB4-4B8C-8733-833B55D6CBD4}
		{F6C735BE-D296-924C-A35D-8EC31047B05A} = {4B6C8C36-EAB4-4B8C-8733-833B55D6CBD4}
		{9FC499B7-54CF-4639-B8FF-8DBE5F1AC4D5} = {4B6C8C36-EAB4-4B8C-8733-833B55D6CBD4}
		{E10EB1D8-4ECF-B84F-F9ED-EC9348C3E72E} = {9FC499B7-54CF-4639-B8FF-8DBE5F1AC4D5}
		{D999DBA9-5AB7-A092-1A85-5508E96AF8BF} = {9FC499B7-54CF-4639-B8FF-8DBE5F1AC4D5}
		{930411F2-E75B-39C7-8CA6-80AC76B60F3C} = {4B6C8C36-EAB4-4B8C-8733-833B55D6CBD4}
		{AC8E931E-ED16-4D2B-8F6B-27819A7FFFCE} = {4B6C8C36-EAB4-4B8C-8733-833B55D6CBD4}
		{87896570-AEB1-4C4E-8EC8-BF775800E37A} = {4B6C8C36-EAB4-4B8C-8733-833B55D6CBD4}
		{90A6B8BC-A483-88DC-6A56-42032B09F126} = {87896570-AEB1-4C4E-8EC8-BF775800E37A}
		{2D100B64-0F2D-C8B1-7792-DD9D69BE5BC7} = {AC8E931E-ED16-4D2B-8F6B-27819A7FFFCE}
		{0F5B26E7-B4BA-DA7C-5217-6CA53467A7FA} = {AC8E931E-ED16-4D2B-8F6B-27819A7FFFCE}
	EndGlobalSection
	GlobalSection(ExtensibilityGlobals) = postSolution
		SolutionGuid = {D22E2F87-D845-47DE-9A40-30442D105CBC}
	EndGlobalSection
EndGlobal
